PODS:
  - Capacitor (8.4.0):
    - CapacitorCordova
  - CapacitorApp (8.1.0):
    - Capacitor
  - CapacitorCordova (8.4.0)
  - CapacitorHaptics (8.0.2):
    - Capacitor
  - CapacitorLocalNotifications (8.2.0):
    - Capacitor
  - CapacitorSplashScreen (8.0.1):
    - Capacitor
  - CapacitorStatusBar (8.0.2):
    - Capacitor
  - OneSignalXCFramework (5.5.2):
    - OneSignalXCFramework/OneSignalComplete (= 5.5.2)
  - OneSignalXCFramework/OneSignal (5.5.2):
    - OneSignalXCFramework/OneSignalCore
    - OneSignalXCFramework/OneSignalExtension
    - OneSignalXCFramework/OneSignalLiveActivities
    - OneSignalXCFramework/OneSignalNotifications
    - OneSignalXCFramework/OneSignalOSCore
    - OneSignalXCFramework/OneSignalOutcomes
    - OneSignalXCFramework/OneSignalUser
  - OneSignalXCFramework/OneSignalComplete (5.5.2):
    - OneSignalXCFramework/OneSignal
    - OneSignalXCFramework/OneSignalInAppMessages
    - OneSignalXCFramework/OneSignalLocation
  - OneSignalXCFramework/OneSignalCore (5.5.2)
  - OneSignalXCFramework/OneSignalExtension (5.5.2):
    - OneSignalXCFramework/OneSignalCore
    - OneSignalXCFramework/OneSignalOSCore
    - OneSignalXCFramework/OneSignalOutcomes
  - OneSignalXCFramework/OneSignalInAppMessages (5.5.2):
    - OneSignalXCFramework/OneSignalCore
    - OneSignalXCFramework/OneSignalNotifications
    - OneSignalXCFramework/OneSignalOSCore
    - OneSignalXCFramework/OneSignalOutcomes
    - OneSignalXCFramework/OneSignalUser
  - OneSignalXCFramework/OneSignalLiveActivities (5.5.2):
    - OneSignalXCFramework/OneSignalCore
    - OneSignalXCFramework/OneSignalOSCore
    - OneSignalXCFramework/OneSignalUser
  - OneSignalXCFramework/OneSignalLocation (5.5.2):
    - OneSignalXCFramework/OneSignalCore
    - OneSignalXCFramework/OneSignalNotifications
    - OneSignalXCFramework/OneSignalOSCore
    - OneSignalXCFramework/OneSignalUser
  - OneSignalXCFramework/OneSignalNotifications (5.5.2):
    - OneSignalXCFramework/OneSignalCore
    - OneSignalXCFramework/OneSignalExtension
    - OneSignalXCFramework/OneSignalOSCore
    - OneSignalXCFramework/OneSignalOutcomes
  - OneSignalXCFramework/OneSignalOSCore (5.5.2):
    - OneSignalXCFramework/OneSignalCore
  - OneSignalXCFramework/OneSignalOutcomes (5.5.2):
    - OneSignalXCFramework/OneSignalCore
    - OneSignalXCFramework/OneSignalOSCore
  - OneSignalXCFramework/OneSignalUser (5.5.2):
    - OneSignalXCFramework/OneSignalCore
    - OneSignalXCFramework/OneSignalNotifications
    - OneSignalXCFramework/OneSignalOSCore
    - OneSignalXCFramework/OneSignalOutcomes

DEPENDENCIES:
  - "Capacitor (from `../../node_modules/@capacitor/ios`)"
  - "CapacitorApp (from `../../node_modules/@capacitor/app`)"
  - "CapacitorCordova (from `../../node_modules/@capacitor/ios`)"
  - "CapacitorHaptics (from `../../node_modules/@capacitor/haptics`)"
  - "CapacitorLocalNotifications (from `../../node_modules/@capacitor/local-notifications`)"
  - "CapacitorSplashScreen (from `../../node_modules/@capacitor/splash-screen`)"
  - "CapacitorStatusBar (from `../../node_modules/@capacitor/status-bar`)"
  - OneSignalXCFramework (= 5.5.2)

SPEC REPOS:
  trunk:
    - OneSignalXCFramework

EXTERNAL SOURCES:
  Capacitor:
    :path: "../../node_modules/@capacitor/ios"
  CapacitorApp:
    :path: "../../node_modules/@capacitor/app"
  CapacitorCordova:
    :path: "../../node_modules/@capacitor/ios"
  CapacitorHaptics:
    :path: "../../node_modules/@capacitor/haptics"
  CapacitorLocalNotifications:
    :path: "../../node_modules/@capacitor/local-notifications"
  CapacitorSplashScreen:
    :path: "../../node_modules/@capacitor/splash-screen"
  CapacitorStatusBar:
    :path: "../../node_modules/@capacitor/status-bar"

SPEC CHECKSUMS:
  Capacitor: 75bd117ba037a51bb0f19ded32c67f4b3bc16600
  CapacitorApp: 449ffe26375e96f8aaaee625ac6e01e5c57c8650
  CapacitorCordova: 71d81f350e6c30bf2a846593b5c480fbd68e9bac
  CapacitorHaptics: 296f771ecd89c7a1bd92a7b6826a7d268e2e70f5
  CapacitorLocalNotifications: 2615aa008f608b95d3921a778ee1988abf1e6148
  CapacitorSplashScreen: 4b46c72298db552b3c57ce021ef028b6dc7f1fa7
  CapacitorStatusBar: 01d5763b4ed720de5ce2edbc938de6a98f4c8f32
  OneSignalXCFramework: 2f46ff87ccefd9afe8e3b5f9fe357072191205ff

PODFILE CHECKSUM: 21c1d77c918b0d23aefe7b517191e1e5872d0e80

COCOAPODS: 1.16.2
